<?xml version="1.0" encoding="utf-8"?>
<Project ToolsVersion="4.0" xmlns="http://schemas.microsoft.com/developer/msbuild/2003">
  <ItemGroup>
    <Filter Include="Source Files">
      <UniqueIdentifier>{4FC737F1-C7A5-4376-A066-2A32D752A2FF}</UniqueIdentifier>
      <Extensions>cpp;cxx;c;def</Extensions>
    </Filter>
    <Filter Include="Header Files">
      <UniqueIdentifier>{93995380-89BD-4b04-88EB-625FBE52EBFB}</UniqueIdentifier>
      <Extensions>h</Extensions>
    </Filter>
    <Filter Include="Form Files">
      <UniqueIdentifier>{99349809-55BA-4b9d-BF79-8FDBB0286EB3}</UniqueIdentifier>
      <Extensions>ui</Extensions>
    </Filter>
    <Filter Include="Resource Files">
      <UniqueIdentifier>{D9D6E242-F8AF-46E4-B9FD-80ECBC20BA3E}</UniqueIdentifier>
      <Extensions>qrc;*</Extensions>
      <ParseFiles>false</ParseFiles>
    </Filter>
    <Filter Include="Generated Files">
      <UniqueIdentifier>{71ED8ED8-ACB9-4CE9-BBE1-E00B30144E11}</UniqueIdentifier>
      <Extensions>moc;h;cpp</Extensions>
      <SourceControlFiles>False</SourceControlFiles>
    </Filter>
    <Filter Include="Generated Files\Debug">
      <UniqueIdentifier>{428af699-1532-47af-a252-379a6afee5b4}</UniqueIdentifier>
      <Extensions>cpp;moc</Extensions>
      <SourceControlFiles>False</SourceControlFiles>
    </Filter>
    <Filter Include="Generated Files\Release">
      <UniqueIdentifier>{a8c32f68-43ca-49df-a9d8-989c6e9b7b1a}</UniqueIdentifier>
      <Extensions>cpp;moc</Extensions>
      <SourceControlFiles>False</SourceControlFiles>
    </Filter>
  </ItemGroup>
  <ItemGroup>
    <ClCompile Include="main.cpp">
      <Filter>Source Files</Filter>
    </ClCompile>
    <ClCompile Include="dataregister.cpp">
      <Filter>Source Files</Filter>
    </ClCompile>
    <ClCompile Include="GeneratedFiles\Debug\moc_dataregister.cpp">
      <Filter>Generated Files\Debug</Filter>
    </ClCompile>
    <ClCompile Include="GeneratedFiles\Release\moc_dataregister.cpp">
      <Filter>Generated Files\Release</Filter>
    </ClCompile>
    <ClCompile Include="GeneratedFiles\qrc_dataregister.cpp">
      <Filter>Generated Files</Filter>
    </ClCompile>
    <ClCompile Include="gestureClassifier.cpp">
      <Filter>Source Files</Filter>
    </ClCompile>
    <ClCompile Include="gestureSet.cpp">
      <Filter>Source Files</Filter>
    </ClCompile>
    <ClCompile Include="myoManager.cpp">
      <Filter>Source Files</Filter>
    </ClCompile>
    <ClCompile Include="registerData.cpp">
      <Filter>Source Files</Filter>
    </ClCompile>
    <ClCompile Include="cameraManager.cpp">
      <Filter>Source Files</Filter>
    </ClCompile>
    <ClCompile Include="arduinoManager.cpp">
      <Filter>Source Files</Filter>
    </ClCompile>
    <ClCompile Include="serialPort.cpp">
      <Filter>Source Files</Filter>
    </ClCompile>
    <ClCompile Include="GeneratedFiles\Debug\moc_qCsvFile.cpp">
      <Filter>Source Files</Filter>
    </ClCompile>
    <ClCompile Include="GeneratedFiles\Release\moc_qCsvFile.cpp">
      <Filter>Source Files</Filter>
    </ClCompile>
    <ClCompile Include="qCsvFile.cpp">
      <Filter>Source Files</Filter>
    </ClCompile>
    <ClCompile Include="csvPreferences.cpp">
      <Filter>Source Files</Filter>
    </ClCompile>
    <ClCompile Include="GeneratedFiles\Debug\moc_csvPreferences.cpp">
      <Filter>Generated Files\Debug</Filter>
    </ClCompile>
    <ClCompile Include="GeneratedFiles\Release\moc_csvPreferences.cpp">
      <Filter>Generated Files\Release</Filter>
    </ClCompile>
  </ItemGroup>
  <ItemGroup>
    <CustomBuild Include="dataregister.h">
      <Filter>Header Files</Filter>
    </CustomBuild>
    <CustomBuild Include="dataregister.ui">
      <Filter>Form Files</Filter>
    </CustomBuild>
    <CustomBuild Include="dataregister.qrc">
      <Filter>Resource Files</Filter>
    </CustomBuild>
    <CustomBuild Include="qCsvFile.h">
      <Filter>Header Files</Filter>
    </CustomBuild>
    <CustomBuild Include="csvPreferences.h">
      <Filter>Header Files</Filter>
    </CustomBuild>
    <CustomBuild Include="csvPreferences.ui">
      <Filter>Form Files</Filter>
    </CustomBuild>
  </ItemGroup>
  <ItemGroup>
    <ClInclude Include="GeneratedFiles\ui_dataregister.h">
      <Filter>Generated Files</Filter>
    </ClInclude>
    <ClInclude Include="gestureClassifier.h">
      <Filter>Header Files</Filter>
    </ClInclude>
    <ClInclude Include="gestureSet.h">
      <Filter>Header Files</Filter>
    </ClInclude>
    <ClInclude Include="managerInterface.h">
      <Filter>Header Files</Filter>
    </ClInclude>
    <ClInclude Include="myoManager.h">
      <Filter>Header Files</Filter>
    </ClInclude>
    <ClInclude Include="registerData.h">
      <Filter>Header Files</Filter>
    </ClInclude>
    <ClInclude Include="constants.h">
      <Filter>Header Files</Filter>
    </ClInclude>
    <ClInclude Include="cameraManager.h">
      <Filter>Header Files</Filter>
    </ClInclude>
    <ClInclude Include="arduinoManager.h">
      <Filter>Header Files</Filter>
    </ClInclude>
    <ClInclude Include="serialPort.h">
      <Filter>Header Files</Filter>
    </ClInclude>
    <ClInclude Include="GeneratedFiles\ui_csvPreferences.h">
      <Filter>Generated Files</Filter>
    </ClInclude>
  </ItemGroup>
</Project>